// !$*UTF8*$!
{
	archiveVersion = 1;
	classes = {
	};
	objectVersion = 55;
	objects = {

/* Begin PBXBuildFile section */
		635ED5C5271479CA00B779E1 /* Dynamics.cpp in Sources */ = {isa = PBXBuildFile; fileRef = 635ED5BB271479CA00B779E1 /* Dynamics.cpp */; };
		635ED5C6271479CA00B779E1 /* main.cpp in Sources */ = {isa = PBXBuildFile; fileRef = 635ED5BC271479CA00B779E1 /* main.cpp */; };
		635ED5C7271479CA00B779E1 /* InitiationFunctions.cpp in Sources */ = {isa = PBXBuildFile; fileRef = 635ED5BE271479CA00B779E1 /* InitiationFunctions.cpp */; };
		635ED5C8271479CA00B779E1 /* WriteFiles.cpp in Sources */ = {isa = PBXBuildFile; fileRef = 635ED5BF271479CA00B779E1 /* WriteFiles.cpp */; };
		635ED5CA271479CA00B779E1 /* Functions.cpp in Sources */ = {isa = PBXBuildFile; fileRef = 635ED5C4271479CA00B779E1 /* Functions.cpp */; };
		635ED5D027147E5A00B779E1 /* Sampling_stats.cpp in Sources */ = {isa = PBXBuildFile; fileRef = 635ED5CE27147E5A00B779E1 /* Sampling_stats.cpp */; };
/* End PBXBuildFile section */

/* Begin PBXCopyFilesBuildPhase section */
		635ED5AC2714798D00B779E1 /* CopyFiles */ = {
			isa = PBXCopyFilesBuildPhase;
			buildActionMask = 2147483647;
			dstPath = /usr/share/man/man1/;
			dstSubfolderSpec = 0;
			files = (
			);
			runOnlyForDeploymentPostprocessing = 1;
		};
/* End PBXCopyFilesBuildPhase section */

/* Begin PBXFileReference section */
		635ED5AE2714798D00B779E1 /* FRAP_ABC */ = {isa = PBXFileReference; explicitFileType = "compiled.mach-o.executable"; includeInIndex = 0; path = FRAP_ABC; sourceTree = BUILT_PRODUCTS_DIR; };
		635ED5B9271479C900B779E1 /* Functions.hpp */ = {isa = PBXFileReference; fileEncoding = 4; lastKnownFileType = sourcecode.cpp.h; path = Functions.hpp; sourceTree = "<group>"; };
		635ED5BA271479C900B779E1 /* Global.hpp */ = {isa = PBXFileReference; fileEncoding = 4; lastKnownFileType = sourcecode.cpp.h; path = Global.hpp; sourceTree = "<group>"; };
		635ED5BB271479CA00B779E1 /* Dynamics.cpp */ = {isa = PBXFileReference; fileEncoding = 4; lastKnownFileType = sourcecode.cpp.cpp; path = Dynamics.cpp; sourceTree = "<group>"; };
		635ED5BC271479CA00B779E1 /* main.cpp */ = {isa = PBXFileReference; fileEncoding = 4; lastKnownFileType = sourcecode.cpp.cpp; path = main.cpp; sourceTree = "<group>"; };
		635ED5BD271479CA00B779E1 /* WriteFiles.hpp */ = {isa = PBXFileReference; fileEncoding = 4; lastKnownFileType = sourcecode.cpp.h; path = WriteFiles.hpp; sourceTree = "<group>"; };
		635ED5BE271479CA00B779E1 /* InitiationFunctions.cpp */ = {isa = PBXFileReference; fileEncoding = 4; lastKnownFileType = sourcecode.cpp.cpp; path = InitiationFunctions.cpp; sourceTree = "<group>"; };
		635ED5BF271479CA00B779E1 /* WriteFiles.cpp */ = {isa = PBXFileReference; fileEncoding = 4; lastKnownFileType = sourcecode.cpp.cpp; path = WriteFiles.cpp; sourceTree = "<group>"; };
		635ED5C0271479CA00B779E1 /* Dynamics.hpp */ = {isa = PBXFileReference; fileEncoding = 4; lastKnownFileType = sourcecode.cpp.h; path = Dynamics.hpp; sourceTree = "<group>"; };
		635ED5C2271479CA00B779E1 /* InitiationFunctions.hpp */ = {isa = PBXFileReference; fileEncoding = 4; lastKnownFileType = sourcecode.cpp.h; path = InitiationFunctions.hpp; sourceTree = "<group>"; };
		635ED5C4271479CA00B779E1 /* Functions.cpp */ = {isa = PBXFileReference; fileEncoding = 4; lastKnownFileType = sourcecode.cpp.cpp; path = Functions.cpp; sourceTree = "<group>"; };
		635ED5CE27147E5A00B779E1 /* Sampling_stats.cpp */ = {isa = PBXFileReference; fileEncoding = 4; lastKnownFileType = sourcecode.cpp.cpp; path = Sampling_stats.cpp; sourceTree = "<group>"; };
		635ED5CF27147E5A00B779E1 /* Sampling_stats.hpp */ = {isa = PBXFileReference; fileEncoding = 4; lastKnownFileType = sourcecode.cpp.h; path = Sampling_stats.hpp; sourceTree = "<group>"; };
/* End PBXFileReference section */

/* Begin PBXFrameworksBuildPhase section */
		635ED5AB2714798D00B779E1 /* Frameworks */ = {
			isa = PBXFrameworksBuildPhase;
			buildActionMask = 2147483647;
			files = (
			);
			runOnlyForDeploymentPostprocessing = 0;
		};
/* End PBXFrameworksBuildPhase section */

/* Begin PBXGroup section */
		635ED5A52714798C00B779E1 = {
			isa = PBXGroup;
			children = (
				635ED5B02714798D00B779E1 /* FRAP_ABC */,
				635ED5AF2714798D00B779E1 /* Products */,
			);
			sourceTree = "<group>";
		};
		635ED5AF2714798D00B779E1 /* Products */ = {
			isa = PBXGroup;
			children = (
				635ED5AE2714798D00B779E1 /* FRAP_ABC */,
			);
			name = Products;
			sourceTree = "<group>";
		};
		635ED5B02714798D00B779E1 /* FRAP_ABC */ = {
			isa = PBXGroup;
			children = (
				635ED5BB271479CA00B779E1 /* Dynamics.cpp */,
				635ED5C0271479CA00B779E1 /* Dynamics.hpp */,
				635ED5C4271479CA00B779E1 /* Functions.cpp */,
				635ED5B9271479C900B779E1 /* Functions.hpp */,
				635ED5BA271479C900B779E1 /* Global.hpp */,
				635ED5BE271479CA00B779E1 /* InitiationFunctions.cpp */,
				635ED5C2271479CA00B779E1 /* InitiationFunctions.hpp */,
				635ED5BC271479CA00B779E1 /* main.cpp */,
				635ED5CE27147E5A00B779E1 /* Sampling_stats.cpp */,
				635ED5CF27147E5A00B779E1 /* Sampling_stats.hpp */,
				635ED5BF271479CA00B779E1 /* WriteFiles.cpp */,
				635ED5BD271479CA00B779E1 /* WriteFiles.hpp */,
			);
			path = FRAP_ABC;
			sourceTree = "<group>";
		};
/* End PBXGroup section */

/* Begin PBXNativeTarget section */
		635ED5AD2714798D00B779E1 /* FRAP_ABC */ = {
			isa = PBXNativeTarget;
			buildConfigurationList = 635ED5B52714798D00B779E1 /* Build configuration list for PBXNativeTarget "FRAP_ABC" */;
			buildPhases = (
				635ED5AA2714798D00B779E1 /* Sources */,
				635ED5AB2714798D00B779E1 /* Frameworks */,
				635ED5AC2714798D00B779E1 /* CopyFiles */,
			);
			buildRules = (
			);
			dependencies = (
			);
			name = FRAP_ABC;
			productName = FRAP_ABC;
			productReference = 635ED5AE2714798D00B779E1 /* FRAP_ABC */;
			productType = "com.apple.product-type.tool";
		};
/* End PBXNativeTarget section */

/* Begin PBXProject section */
		635ED5A62714798C00B779E1 /* Project object */ = {
			isa = PBXProject;
			attributes = {
				BuildIndependentTargetsInParallel = 1;
				LastSwiftUpdateCheck = 1300;
				LastUpgradeCheck = 1300;
				TargetAttributes = {
					635ED5AD2714798D00B779E1 = {
						CreatedOnToolsVersion = 13.0;
						LastSwiftMigration = 1300;
					};
				};
			};
			buildConfigurationList = 635ED5A92714798C00B779E1 /* Build configuration list for PBXProject "FRAP_ABC" */;
			compatibilityVersion = "Xcode 13.0";
			developmentRegion = en;
			hasScannedForEncodings = 0;
			knownRegions = (
				en,
				Base,
			);
			mainGroup = 635ED5A52714798C00B779E1;
			productRefGroup = 635ED5AF2714798D00B779E1 /* Products */;
			projectDirPath = "";
			projectRoot = "";
			targets = (
				635ED5AD2714798D00B779E1 /* FRAP_ABC */,
			);
		};
/* End PBXProject section */

/* Begin PBXSourcesBuildPhase section */
		635ED5AA2714798D00B779E1 /* Sources */ = {
			isa = PBXSourcesBuildPhase;
			buildActionMask = 2147483647;
			files = (
				635ED5CA271479CA00B779E1 /* Functions.cpp in Sources */,
				635ED5D027147E5A00B779E1 /* Sampling_stats.cpp in Sources */,
				635ED5C7271479CA00B779E1 /* InitiationFunctions.cpp in Sources */,
				635ED5C5271479CA00B779E1 /* Dynamics.cpp in Sources */,
				635ED5C6271479CA00B779E1 /* main.cpp in Sources */,
				635ED5C8271479CA00B779E1 /* WriteFiles.cpp in Sources */,
			);
			runOnlyForDeploymentPostprocessing = 0;
		};
/* End PBXSourcesBuildPhase section */

/* Begin XCBuildConfiguration section */
		635ED5B32714798D00B779E1 /* Debug */ = {
			isa = XCBuildConfiguration;
			buildSettings = {
				ALWAYS_SEARCH_USER_PATHS = NO;
				CLANG_ANALYZER_NONNULL = YES;
				CLANG_ANALYZER_NUMBER_OBJECT_CONVERSION = YES_AGGRESSIVE;
				CLANG_CXX_LANGUAGE_STANDARD = "gnu++17";
				CLANG_CXX_LIBRARY = "libc++";
				CLANG_ENABLE_MODULES = YES;
				CLANG_ENABLE_OBJC_ARC = YES;
				CLANG_ENABLE_OBJC_WEAK = YES;
				CLANG_WARN_BLOCK_CAPTURE_AUTORELEASING = YES;
				CLANG_WARN_BOOL_CONVERSION = YES;
				CLANG_WARN_COMMA = YES;
				CLANG_WARN_CONSTANT_CONVERSION = YES;
				CLANG_WARN_DEPRECATED_OBJC_IMPLEMENTATIONS = YES;
				CLANG_WARN_DIRECT_OBJC_ISA_USAGE = YES_ERROR;
				CLANG_WARN_DOCUMENTATION_COMMENTS = YES;
				CLANG_WARN_EMPTY_BODY = YES;
				CLANG_WARN_ENUM_CONVERSION = YES;
				CLANG_WARN_INFINITE_RECURSION = YES;
				CLANG_WARN_INT_CONVERSION = YES;
				CLANG_WARN_NON_LITERAL_NULL_CONVERSION = YES;
				CLANG_WARN_OBJC_IMPLICIT_RETAIN_SELF = YES;
				CLANG_WARN_OBJC_LITERAL_CONVERSION = YES;
				CLANG_WARN_OBJC_ROOT_CLASS = YES_ERROR;
				CLANG_WARN_QUOTED_INCLUDE_IN_FRAMEWORK_HEADER = YES;
				CLANG_WARN_RANGE_LOOP_ANALYSIS = YES;
				CLANG_WARN_STRICT_PROTOTYPES = YES;
				CLANG_WARN_SUSPICIOUS_MOVE = YES;
				CLANG_WARN_UNGUARDED_AVAILABILITY = YES_AGGRESSIVE;
				CLANG_WARN_UNREACHABLE_CODE = YES;
				CLANG_WARN__DUPLICATE_METHOD_MATCH = YES;
				COPY_PHASE_STRIP = NO;
				DEBUG_INFORMATION_FORMAT = dwarf;
				ENABLE_STRICT_OBJC_MSGSEND = YES;
				ENABLE_TESTABILITY = YES;
				GCC_C_LANGUAGE_STANDARD = gnu11;
				GCC_DYNAMIC_NO_PIC = NO;
				GCC_NO_COMMON_BLOCKS = YES;
				GCC_OPTIMIZATION_LEVEL = 0;
				GCC_PREPROCESSOR_DEFINITIONS = (
					"DEBUG=1",
					"$(inherited)",
				);
				GCC_WARN_64_TO_32_BIT_CONVERSION = YES;
				GCC_WARN_ABOUT_RETURN_TYPE = YES_ERROR;
				GCC_WARN_UNDECLARED_SELECTOR = YES;
				GCC_WARN_UNINITIALIZED_AUTOS = YES_AGGRESSIVE;
				GCC_WARN_UNUSED_FUNCTION = YES;
				GCC_WARN_UNUSED_VARIABLE = YES;
				MACOSX_DEPLOYMENT_TARGET = 11.3;
				MTL_ENABLE_DEBUG_INFO = INCLUDE_SOURCE;
				MTL_FAST_MATH = YES;
				ONLY_ACTIVE_ARCH = YES;
				SDKROOT = macosx;
				SWIFT_ACTIVE_COMPILATION_CONDITIONS = DEBUG;
				SWIFT_OPTIMIZATION_LEVEL = "-Onone";
			};
			name = Debug;
		};
		635ED5B42714798D00B779E1 /* Release */ = {
			isa = XCBuildConfiguration;
			buildSettings = {
				ALWAYS_SEARCH_USER_PATHS = NO;
				CLANG_ANALYZER_NONNULL = YES;
				CLANG_ANALYZER_NUMBER_OBJECT_CONVERSION = YES_AGGRESSIVE;
				CLANG_CXX_LANGUAGE_STANDARD = "gnu++17";
				CLANG_CXX_LIBRARY = "libc++";
				CLANG_ENABLE_MODULES = YES;
				CLANG_ENABLE_OBJC_ARC = YES;
				CLANG_ENABLE_OBJC_WEAK = YES;
				CLANG_WARN_BLOCK_CAPTURE_AUTORELEASING = YES;
				CLANG_WARN_BOOL_CONVERSION = YES;
				CLANG_WARN_COMMA = YES;
				CLANG_WARN_CONSTANT_CONVERSION = YES;
				CLANG_WARN_DEPRECATED_OBJC_IMPLEMENTATIONS = YES;
				CLANG_WARN_DIRECT_OBJC_ISA_USAGE = YES_ERROR;
				CLANG_WARN_DOCUMENTATION_COMMENTS = YES;
				CLANG_WARN_EMPTY_BODY = YES;
				CLANG_WARN_ENUM_CONVERSION = YES;
				CLANG_WARN_INFINITE_RECURSION = YES;
				CLANG_WARN_INT_CONVERSION = YES;
				CLANG_WARN_NON_LITERAL_NULL_CONVERSION = YES;
				CLANG_WARN_OBJC_IMPLICIT_RETAIN_SELF = YES;
				CLANG_WARN_OBJC_LITERAL_CONVERSION = YES;
				CLANG_WARN_OBJC_ROOT_CLASS = YES_ERROR;
				CLANG_WARN_QUOTED_INCLUDE_IN_FRAMEWORK_HEADER = YES;
				CLANG_WARN_RANGE_LOOP_ANALYSIS = YES;
				CLANG_WARN_STRICT_PROTOTYPES = YES;
				CLANG_WARN_SUSPICIOUS_MOVE = YES;
				CLANG_WARN_UNGUARDED_AVAILABILITY = YES_AGGRESSIVE;
				CLANG_WARN_UNREACHABLE_CODE = YES;
				CLANG_WARN__DUPLICATE_METHOD_MATCH = YES;
				COPY_PHASE_STRIP = NO;
				DEBUG_INFORMATION_FORMAT = "dwarf-with-dsym";
				ENABLE_NS_ASSERTIONS = NO;
				ENABLE_STRICT_OBJC_MSGSEND = YES;
				GCC_C_LANGUAGE_STANDARD = gnu11;
				GCC_NO_COMMON_BLOCKS = YES;
				GCC_WARN_64_TO_32_BIT_CONVERSION = YES;
				GCC_WARN_ABOUT_RETURN_TYPE = YES_ERROR;
				GCC_WARN_UNDECLARED_SELECTOR = YES;
				GCC_WARN_UNINITIALIZED_AUTOS = YES_AGGRESSIVE;
				GCC_WARN_UNUSED_FUNCTION = YES;
				GCC_WARN_UNUSED_VARIABLE = YES;
				MACOSX_DEPLOYMENT_TARGET = 11.3;
				MTL_ENABLE_DEBUG_INFO = NO;
				MTL_FAST_MATH = YES;
				SDKROOT = macosx;
				SWIFT_COMPILATION_MODE = wholemodule;
				SWIFT_OPTIMIZATION_LEVEL = "-O";
			};
			name = Release;
		};
		635ED5B62714798D00B779E1 /* Debug */ = {
			isa = XCBuildConfiguration;
			buildSettings = {
				CLANG_ENABLE_MODULES = YES;
				CODE_SIGN_STYLE = Automatic;
				LD_RUNPATH_SEARCH_PATHS = (
					"$(inherited)",
					"@executable_path/../Frameworks",
					"@loader_path/../Frameworks",
				);
				PRODUCT_NAME = "$(TARGET_NAME)";
				SWIFT_OBJC_BRIDGING_HEADER = "FRAP_ABC/FRAP_ABC-Bridging-Header.h";
				SWIFT_OPTIMIZATION_LEVEL = "-Onone";
				SWIFT_VERSION = 5.0;
			};
			name = Debug;
		};
		635ED5B72714798D00B779E1 /* Release */ = {
			isa = XCBuildConfiguration;
			buildSettings = {
				CLANG_ENABLE_MODULES = YES;
				CODE_SIGN_STYLE = Automatic;
				LD_RUNPATH_SEARCH_PATHS = (
					"$(inherited)",
					"@executable_path/../Frameworks",
					"@loader_path/../Frameworks",
				);
				PRODUCT_NAME = "$(TARGET_NAME)";
				SWIFT_OBJC_BRIDGING_HEADER = "FRAP_ABC/FRAP_ABC-Bridging-Header.h";
				SWIFT_VERSION = 5.0;
			};
			name = Release;
		};
/* End XCBuildConfiguration section */

/* Begin XCConfigurationList section */
		635ED5A92714798C00B779E1 /* Build configuration list for PBXProject "FRAP_ABC" */ = {
			isa = XCConfigurationList;
			buildConfigurations = (
				635ED5B32714798D00B779E1 /* Debug */,
				635ED5B42714798D00B779E1 /* Release */,
			);
			defaultConfigurationIsVisible = 0;
			defaultConfigurationName = Release;
		};
		635ED5B52714798D00B779E1 /* Build configuration list for PBXNativeTarget "FRAP_ABC" */ = {
			isa = XCConfigurationList;
			buildConfigurations = (
				635ED5B62714798D00B779E1 /* Debug */,
				635ED5B72714798D00B779E1 /* Release */,
			);
			defaultConfigurationIsVisible = 0;
			defaultConfigurationName = Release;
		};
/* End XCConfigurationList section */
	};
	rootObject = 635ED5A62714798C00B779E1 /* Project object */;
}
